
Microsoft Visual Studio Solution File, Format Version 12.00
# Visual Studio 15
VisualStudioVersion = 15.0.28307.329
MinimumVisualStudioVersion = 10.0.40219.1
Project("{FAE04EC0-301F-11D3-BF4B-00C04F79EFBC}") = "ПР11", "ПР11\ПР11.csproj", "{AD13533C-812B-4176-9C4D-F794320E3129}"
EndProject
Global
	GlobalSection(SolutionConfigurationPlatforms) = preSolution
		Debug|Any CPU = Debug|Any CPU
		Release|Any CPU = Release|Any CPU
	EndGlobalSection
	GlobalSection(ProjectConfigurationPlatforms) = postSolution
		{AD13533C-812B-4176-9C4D-F794320E3129}.Debug|Any CPU.ActiveCfg = Debug|Any CPU
		{AD13533C-812B-4176-9C4D-F794320E3129}.Debug|Any CPU.Build.0 = Debug|Any CPU
		{AD13533C-812B-4176-9C4D-F794320E3129}.Release|Any CPU.ActiveCfg = Release|Any CPU
		{AD13533C-812B-4176-9C4D-F794320E3129}.Release|Any CPU.Build.0 = Release|Any CPU
	EndGlobalSection
	GlobalSection(SolutionProperties) = preSolution
		HideSolutionNode = FALSE
	EndGlobalSection
	GlobalSection(ExtensibilityGlobals) = postSolution
		SolutionGuid = {979586BF-C5B4-4F71-B4DA-6BD5E76094BE}
	EndGlobalSection
EndGlobal
